
Microsoft Visual Studio Solution File, Format Version 12.00
# Visual Studio Version 16
VisualStudioVersion = 16.0.30711.63
MinimumVisualStudioVersion = 10.0.40219.1
Project("{FAE04EC0-301F-11D3-BF4B-00C04F79EFBC}") = "LogHawk", "LogHawk\LogHawk.csproj", "{24047A6E-0D11-4081-B41A-B0481423944B}"
EndProject
Global
	GlobalSection(SolutionConfigurationPlatforms) = preSolution
		Debug|Any CPU = Debug|Any CPU
		Release|Any CPU = Release|Any CPU
	EndGlobalSection
	GlobalSection(ProjectConfigurationPlatforms) = postSolution
		{24047A6E-0D11-4081-B41A-B0481423944B}.Debug|Any CPU.ActiveCfg = Debug|Any CPU
		{24047A6E-0D11-4081-B41A-B0481423944B}.Debug|Any CPU.Build.0 = Debug|Any CPU
		{24047A6E-0D11-4081-B41A-B0481423944B}.Release|Any CPU.ActiveCfg = Release|Any CPU
		{24047A6E-0D11-4081-B41A-B0481423944B}.Release|Any CPU.Build.0 = Release|Any CPU
	EndGlobalSection
	GlobalSection(SolutionProperties) = preSolution
		HideSolutionNode = FALSE
	EndGlobalSection
	GlobalSection(ExtensibilityGlobals) = postSolution
		SolutionGuid = {53724CE0-7C73-4FE9-B43D-23D00A12E155}
	EndGlobalSection
EndGlobal
